
Microsoft Visual Studio Solution File, Format Version 12.00
Project("{FAE04EC0-301F-11D3-BF4B-00C04F79EFBC}") = "CDC-PoC", "CDC-PoC\CDC-PoC.csproj", "{36230A54-F81E-4E9B-B322-5CBD1CD0492B}"
EndProject
Global
	GlobalSection(SolutionConfigurationPlatforms) = preSolution
		Debug|Any CPU = Debug|Any CPU
		Release|Any CPU = Release|Any CPU
	EndGlobalSection
	GlobalSection(ProjectConfigurationPlatforms) = postSolution
		{36230A54-F81E-4E9B-B322-5CBD1CD0492B}.Debug|Any CPU.ActiveCfg = Debug|Any CPU
		{36230A54-F81E-4E9B-B322-5CBD1CD0492B}.Debug|Any CPU.Build.0 = Debug|Any CPU
		{36230A54-F81E-4E9B-B322-5CBD1CD0492B}.Release|Any CPU.ActiveCfg = Release|Any CPU
		{36230A54-F81E-4E9B-B322-5CBD1CD0492B}.Release|Any CPU.Build.0 = Release|Any CPU
	EndGlobalSection
EndGlobal
